
Microsoft Visual Studio Solution File, Format Version 12.00
# Visual Studio Version 17
VisualStudioVersion = 17.5.002.0
MinimumVisualStudioVersion = 10.0.40219.1
Project("{9A19103F-16F7-4668-BE54-9A1E7A4F7556}") = "LoncotesLibrary", "LoncotesLibrary.csproj", "{38A1FF91-B94C-451F-B8E4-163C20013728}"
EndProject
Global
	GlobalSection(SolutionConfigurationPlatforms) = preSolution
		Debug|Any CPU = Debug|Any CPU
		Release|Any CPU = Release|Any CPU
	EndGlobalSection
	GlobalSection(ProjectConfigurationPlatforms) = postSolution
		{38A1FF91-B94C-451F-B8E4-163C20013728}.Debug|Any CPU.ActiveCfg = Debug|Any CPU
		{38A1FF91-B94C-451F-B8E4-163C20013728}.Debug|Any CPU.Build.0 = Debug|Any CPU
		{38A1FF91-B94C-451F-B8E4-163C20013728}.Release|Any CPU.ActiveCfg = Release|Any CPU
		{38A1FF91-B94C-451F-B8E4-163C20013728}.Release|Any CPU.Build.0 = Release|Any CPU
	EndGlobalSection
	GlobalSection(SolutionProperties) = preSolution
		HideSolutionNode = FALSE
	EndGlobalSection
	GlobalSection(ExtensibilityGlobals) = postSolution
		SolutionGuid = {DFCDEB6E-E548-46E2-A575-829A21CDF0A6}
	EndGlobalSection
EndGlobal
